// !$*UTF8*$!
{
	archiveVersion = 1;
	classes = {
	};
	objectVersion = 51;
	objects = {

/* Begin PBXBuildFile section */
		485C1B2624957985004352DD /* DatabaseManager.swift in Sources */ = {isa = PBXBuildFile; fileRef = 485C1B2524957985004352DD /* DatabaseManager.swift */; };
		486486A72494649400FD0F8E /* GoogleService-Info.plist in Resources */ = {isa = PBXBuildFile; fileRef = 486486A62494649400FD0F8E /* GoogleService-Info.plist */; };
		48AEFF93248F0508001DF027 /* AppDelegate.swift in Sources */ = {isa = PBXBuildFile; fileRef = 48AEFF92248F0508001DF027 /* AppDelegate.swift */; };
		48AEFF95248F0508001DF027 /* SceneDelegate.swift in Sources */ = {isa = PBXBuildFile; fileRef = 48AEFF94248F0508001DF027 /* SceneDelegate.swift */; };
		48AEFF97248F0508001DF027 /* ConversationsViewController.swift in Sources */ = {isa = PBXBuildFile; fileRef = 48AEFF96248F0508001DF027 /* ConversationsViewController.swift */; };
		48AEFF9A248F0508001DF027 /* Main.storyboard in Resources */ = {isa = PBXBuildFile; fileRef = 48AEFF98248F0508001DF027 /* Main.storyboard */; };
		48AEFF9C248F050B001DF027 /* Assets.xcassets in Resources */ = {isa = PBXBuildFile; fileRef = 48AEFF9B248F050B001DF027 /* Assets.xcassets */; };
		48AEFF9F248F050B001DF027 /* LaunchScreen.storyboard in Resources */ = {isa = PBXBuildFile; fileRef = 48AEFF9D248F050B001DF027 /* LaunchScreen.storyboard */; };
		48AEFFAD248F09D8001DF027 /* LoginViewController.swift in Sources */ = {isa = PBXBuildFile; fileRef = 48AEFFAC248F09D8001DF027 /* LoginViewController.swift */; };
		48AEFFAF248F09EA001DF027 /* RegisterViewController.swift in Sources */ = {isa = PBXBuildFile; fileRef = 48AEFFAE248F09EA001DF027 /* RegisterViewController.swift */; };
		48AEFFB1248F0A18001DF027 /* PhotoViewerViewController.swift in Sources */ = {isa = PBXBuildFile; fileRef = 48AEFFB0248F0A18001DF027 /* PhotoViewerViewController.swift */; };
		48AEFFB3248F0A32001DF027 /* VideoPlayerViewController.swift in Sources */ = {isa = PBXBuildFile; fileRef = 48AEFFB2248F0A32001DF027 /* VideoPlayerViewController.swift */; };
		48AEFFB5248F0A5E001DF027 /* NewConversationViewController.swift in Sources */ = {isa = PBXBuildFile; fileRef = 48AEFFB4248F0A5E001DF027 /* NewConversationViewController.swift */; };
		48AEFFB8248F0A91001DF027 /* ProfileViewController.swift in Sources */ = {isa = PBXBuildFile; fileRef = 48AEFFB7248F0A91001DF027 /* ProfileViewController.swift */; };
		48AEFFBC248F1A8A001DF027 /* Extensions.swift in Sources */ = {isa = PBXBuildFile; fileRef = 48AEFFBB248F1A8A001DF027 /* Extensions.swift */; };
		D384B5529F5141D8A01107FD /* Pods_Messenger.framework in Frameworks */ = {isa = PBXBuildFile; fileRef = 123D2B5D2E1990D013BC8D92 /* Pods_Messenger.framework */; };
/* End PBXBuildFile section */

/* Begin PBXFileReference section */
		123D2B5D2E1990D013BC8D92 /* Pods_Messenger.framework */ = {isa = PBXFileReference; explicitFileType = wrapper.framework; includeInIndex = 0; path = Pods_Messenger.framework; sourceTree = BUILT_PRODUCTS_DIR; };
		485C1B2524957985004352DD /* DatabaseManager.swift */ = {isa = PBXFileReference; lastKnownFileType = sourcecode.swift; path = DatabaseManager.swift; sourceTree = "<group>"; };
		486486A62494649400FD0F8E /* GoogleService-Info.plist */ = {isa = PBXFileReference; fileEncoding = 4; lastKnownFileType = text.plist.xml; path = "GoogleService-Info.plist"; sourceTree = "<group>"; };
		48AEFF8F248F0508001DF027 /* Messenger.app */ = {isa = PBXFileReference; explicitFileType = wrapper.application; includeInIndex = 0; path = Messenger.app; sourceTree = BUILT_PRODUCTS_DIR; };
		48AEFF92248F0508001DF027 /* AppDelegate.swift */ = {isa = PBXFileReference; lastKnownFileType = sourcecode.swift; path = AppDelegate.swift; sourceTree = "<group>"; };
		48AEFF94248F0508001DF027 /* SceneDelegate.swift */ = {isa = PBXFileReference; lastKnownFileType = sourcecode.swift; path = SceneDelegate.swift; sourceTree = "<group>"; };
		48AEFF96248F0508001DF027 /* ConversationsViewController.swift */ = {isa = PBXFileReference; lastKnownFileType = sourcecode.swift; path = ConversationsViewController.swift; sourceTree = "<group>"; };
		48AEFF99248F0508001DF027 /* Base */ = {isa = PBXFileReference; lastKnownFileType = file.storyboard; name = Base; path = Base.lproj/Main.storyboard; sourceTree = "<group>"; };
		48AEFF9B248F050B001DF027 /* Assets.xcassets */ = {isa = PBXFileReference; lastKnownFileType = folder.assetcatalog; path = Assets.xcassets; sourceTree = "<group>"; };
		48AEFF9E248F050B001DF027 /* Base */ = {isa = PBXFileReference; lastKnownFileType = file.storyboard; name = Base; path = Base.lproj/LaunchScreen.storyboard; sourceTree = "<group>"; };
		48AEFFA0248F050B001DF027 /* Info.plist */ = {isa = PBXFileReference; lastKnownFileType = text.plist.xml; path = Info.plist; sourceTree = "<group>"; };
		48AEFFAC248F09D8001DF027 /* LoginViewController.swift */ = {isa = PBXFileReference; lastKnownFileType = sourcecode.swift; path = LoginViewController.swift; sourceTree = "<group>"; };
		48AEFFAE248F09EA001DF027 /* RegisterViewController.swift */ = {isa = PBXFileReference; lastKnownFileType = sourcecode.swift; path = RegisterViewController.swift; sourceTree = "<group>"; };
		48AEFFB0248F0A18001DF027 /* PhotoViewerViewController.swift */ = {isa = PBXFileReference; lastKnownFileType = sourcecode.swift; path = PhotoViewerViewController.swift; sourceTree = "<group>"; };
		48AEFFB2248F0A32001DF027 /* VideoPlayerViewController.swift */ = {isa = PBXFileReference; lastKnownFileType = sourcecode.swift; path = VideoPlayerViewController.swift; sourceTree = "<group>"; };
		48AEFFB4248F0A5E001DF027 /* NewConversationViewController.swift */ = {isa = PBXFileReference; lastKnownFileType = sourcecode.swift; path = NewConversationViewController.swift; sourceTree = "<group>"; };
		48AEFFB7248F0A91001DF027 /* ProfileViewController.swift */ = {isa = PBXFileReference; lastKnownFileType = sourcecode.swift; path = ProfileViewController.swift; sourceTree = "<group>"; };
		48AEFFBB248F1A8A001DF027 /* Extensions.swift */ = {isa = PBXFileReference; lastKnownFileType = sourcecode.swift; path = Extensions.swift; sourceTree = "<group>"; };
		60752CDA073E924C79AADE10 /* Pods-Messenger.release.xcconfig */ = {isa = PBXFileReference; includeInIndex = 1; lastKnownFileType = text.xcconfig; name = "Pods-Messenger.release.xcconfig"; path = "Target Support Files/Pods-Messenger/Pods-Messenger.release.xcconfig"; sourceTree = "<group>"; };
		F6F65E6CFBFA6F3F55BA6983 /* Pods-Messenger.debug.xcconfig */ = {isa = PBXFileReference; includeInIndex = 1; lastKnownFileType = text.xcconfig; name = "Pods-Messenger.debug.xcconfig"; path = "Target Support Files/Pods-Messenger/Pods-Messenger.debug.xcconfig"; sourceTree = "<group>"; };
/* End PBXFileReference section */

/* Begin PBXFrameworksBuildPhase section */
		48AEFF8C248F0508001DF027 /* Frameworks */ = {
			isa = PBXFrameworksBuildPhase;
			buildActionMask = 2147483647;
			files = (
				D384B5529F5141D8A01107FD /* Pods_Messenger.framework in Frameworks */,
			);
			runOnlyForDeploymentPostprocessing = 0;
		};
/* End PBXFrameworksBuildPhase section */

/* Begin PBXGroup section */
		05105A78A1CAC8EBA792E413 /* Pods */ = {
			isa = PBXGroup;
			children = (
				F6F65E6CFBFA6F3F55BA6983 /* Pods-Messenger.debug.xcconfig */,
				60752CDA073E924C79AADE10 /* Pods-Messenger.release.xcconfig */,
			);
			path = Pods;
			sourceTree = "<group>";
		};
		48AEFF86248F0508001DF027 = {
			isa = PBXGroup;
			children = (
				48AEFF91248F0508001DF027 /* Messenger */,
				48AEFF90248F0508001DF027 /* Products */,
				05105A78A1CAC8EBA792E413 /* Pods */,
				D318AEC8C4AC74D328F533A0 /* Frameworks */,
			);
			sourceTree = "<group>";
		};
		48AEFF90248F0508001DF027 /* Products */ = {
			isa = PBXGroup;
			children = (
				48AEFF8F248F0508001DF027 /* Messenger.app */,
			);
			name = Products;
			sourceTree = "<group>";
		};
		48AEFF91248F0508001DF027 /* Messenger */ = {
			isa = PBXGroup;
			children = (
				486486A62494649400FD0F8E /* GoogleService-Info.plist */,
				48AEFFAA248F085E001DF027 /* Resources */,
				48AEFFA9248F0825001DF027 /* ViewModels */,
				48AEFFA8248F081F001DF027 /* Models */,
				48AEFFA6248F0806001DF027 /* Views */,
				48AEFFA7248F0811001DF027 /* Controllers */,
				48AEFFA0248F050B001DF027 /* Info.plist */,
			);
			path = Messenger;
			sourceTree = "<group>";
		};
		48AEFFA6248F0806001DF027 /* Views */ = {
			isa = PBXGroup;
			children = (
				48AEFFAB248F08CD001DF027 /* Storyboards */,
				48AEFF9B248F050B001DF027 /* Assets.xcassets */,
			);
			path = Views;
			sourceTree = "<group>";
		};
		48AEFFA7248F0811001DF027 /* Controllers */ = {
			isa = PBXGroup;
			children = (
				48AEFF96248F0508001DF027 /* ConversationsViewController.swift */,
				48AEFFBA248F112E001DF027 /* Login */,
				48AEFFB0248F0A18001DF027 /* PhotoViewerViewController.swift */,
				48AEFFB2248F0A32001DF027 /* VideoPlayerViewController.swift */,
				48AEFFB4248F0A5E001DF027 /* NewConversationViewController.swift */,
				48AEFFB7248F0A91001DF027 /* ProfileViewController.swift */,
			);
			path = Controllers;
			sourceTree = "<group>";
		};
		48AEFFA8248F081F001DF027 /* Models */ = {
			isa = PBXGroup;
			children = (
			);
			path = Models;
			sourceTree = "<group>";
		};
		48AEFFA9248F0825001DF027 /* ViewModels */ = {
			isa = PBXGroup;
			children = (
			);
			path = ViewModels;
			sourceTree = "<group>";
		};
		48AEFFAA248F085E001DF027 /* Resources */ = {
			isa = PBXGroup;
			children = (
				48AEFF92248F0508001DF027 /* AppDelegate.swift */,
				48AEFF94248F0508001DF027 /* SceneDelegate.swift */,
				48AEFFBB248F1A8A001DF027 /* Extensions.swift */,
				485C1B2524957985004352DD /* DatabaseManager.swift */,
			);
			path = Resources;
			sourceTree = "<group>";
		};
		48AEFFAB248F08CD001DF027 /* Storyboards */ = {
			isa = PBXGroup;
			children = (
				48AEFF98248F0508001DF027 /* Main.storyboard */,
				48AEFF9D248F050B001DF027 /* LaunchScreen.storyboard */,
			);
			path = Storyboards;
			sourceTree = "<group>";
		};
		48AEFFBA248F112E001DF027 /* Login */ = {
			isa = PBXGroup;
			children = (
				48AEFFAC248F09D8001DF027 /* LoginViewController.swift */,
				48AEFFAE248F09EA001DF027 /* RegisterViewController.swift */,
			);
			path = Login;
			sourceTree = "<group>";
		};
		D318AEC8C4AC74D328F533A0 /* Frameworks */ = {
			isa = PBXGroup;
			children = (
				123D2B5D2E1990D013BC8D92 /* Pods_Messenger.framework */,
			);
			name = Frameworks;
			sourceTree = "<group>";
		};
/* End PBXGroup section */

/* Begin PBXNativeTarget section */
		48AEFF8E248F0508001DF027 /* Messenger */ = {
			isa = PBXNativeTarget;
			buildConfigurationList = 48AEFFA3248F050B001DF027 /* Build configuration list for PBXNativeTarget "Messenger" */;
			buildPhases = (
				46E65553C84400B9AB6A12BF /* [CP] Check Pods Manifest.lock */,
				48AEFF8B248F0508001DF027 /* Sources */,
				48AEFF8C248F0508001DF027 /* Frameworks */,
				48AEFF8D248F0508001DF027 /* Resources */,
				D8EF45493569DDDD4A19945F /* [CP] Embed Pods Frameworks */,
				F535EEC1353F160907F0D86F /* [CP] Copy Pods Resources */,
			);
			buildRules = (
			);
			dependencies = (
			);
			name = Messenger;
			productName = Messenger;
			productReference = 48AEFF8F248F0508001DF027 /* Messenger.app */;
			productType = "com.apple.product-type.application";
		};
/* End PBXNativeTarget section */

/* Begin PBXProject section */
		48AEFF87248F0508001DF027 /* Project object */ = {
			isa = PBXProject;
			attributes = {
				LastSwiftUpdateCheck = 1150;
				LastUpgradeCheck = 1150;
				ORGANIZATIONNAME = "D O G";
				TargetAttributes = {
					48AEFF8E248F0508001DF027 = {
						CreatedOnToolsVersion = 11.5;
					};
				};
			};
			buildConfigurationList = 48AEFF8A248F0508001DF027 /* Build configuration list for PBXProject "Messenger" */;
			compatibilityVersion = "Xcode 9.3";
			developmentRegion = en;
			hasScannedForEncodings = 0;
			knownRegions = (
				en,
				Base,
			);
			mainGroup = 48AEFF86248F0508001DF027;
			productRefGroup = 48AEFF90248F0508001DF027 /* Products */;
			projectDirPath = "";
			projectRoot = "";
			targets = (
				48AEFF8E248F0508001DF027 /* Messenger */,
			);
		};
/* End PBXProject section */

/* Begin PBXResourcesBuildPhase section */
		48AEFF8D248F0508001DF027 /* Resources */ = {
			isa = PBXResourcesBuildPhase;
			buildActionMask = 2147483647;
			files = (
				48AEFF9F248F050B001DF027 /* LaunchScreen.storyboard in Resources */,
				486486A72494649400FD0F8E /* GoogleService-Info.plist in Resources */,
				48AEFF9C248F050B001DF027 /* Assets.xcassets in Resources */,
				48AEFF9A248F0508001DF027 /* Main.storyboard in Resources */,
			);
			runOnlyForDeploymentPostprocessing = 0;
		};
/* End PBXResourcesBuildPhase section */

/* Begin PBXShellScriptBuildPhase section */
		46E65553C84400B9AB6A12BF /* [CP] Check Pods Manifest.lock */ = {
			isa = PBXShellScriptBuildPhase;
			buildActionMask = 2147483647;
			files = (
			);
			inputFileListPaths = (
			);
			inputPaths = (
				"${PODS_PODFILE_DIR_PATH}/Podfile.lock",
				"${PODS_ROOT}/Manifest.lock",
			);
			name = "[CP] Check Pods Manifest.lock";
			outputFileListPaths = (
			);
			outputPaths = (
				"$(DERIVED_FILE_DIR)/Pods-Messenger-checkManifestLockResult.txt",
			);
			runOnlyForDeploymentPostprocessing = 0;
			shellPath = /bin/sh;
			shellScript = "diff \"${PODS_PODFILE_DIR_PATH}/Podfile.lock\" \"${PODS_ROOT}/Manifest.lock\" > /dev/null\nif [ $? != 0 ] ; then\n    # print error to STDERR\n    echo \"error: The sandbox is not in sync with the Podfile.lock. Run 'pod install' or update your CocoaPods installation.\" >&2\n    exit 1\nfi\n# This output is used by Xcode 'outputs' to avoid re-running this script phase.\necho \"SUCCESS\" > \"${SCRIPT_OUTPUT_FILE_0}\"\n";
			showEnvVarsInLog = 0;
		};
		D8EF45493569DDDD4A19945F /* [CP] Embed Pods Frameworks */ = {
			isa = PBXShellScriptBuildPhase;
			buildActionMask = 2147483647;
			files = (
			);
			inputFileListPaths = (
				"${PODS_ROOT}/Target Support Files/Pods-Messenger/Pods-Messenger-frameworks-${CONFIGURATION}-input-files.xcfilelist",
			);
			name = "[CP] Embed Pods Frameworks";
			outputFileListPaths = (
				"${PODS_ROOT}/Target Support Files/Pods-Messenger/Pods-Messenger-frameworks-${CONFIGURATION}-output-files.xcfilelist",
			);
			runOnlyForDeploymentPostprocessing = 0;
			shellPath = /bin/sh;
			shellScript = "\"${PODS_ROOT}/Target Support Files/Pods-Messenger/Pods-Messenger-frameworks.sh\"\n";
			showEnvVarsInLog = 0;
		};
		F535EEC1353F160907F0D86F /* [CP] Copy Pods Resources */ = {
			isa = PBXShellScriptBuildPhase;
			buildActionMask = 2147483647;
			files = (
			);
			inputFileListPaths = (
				"${PODS_ROOT}/Target Support Files/Pods-Messenger/Pods-Messenger-resources-${CONFIGURATION}-input-files.xcfilelist",
			);
			name = "[CP] Copy Pods Resources";
			outputFileListPaths = (
				"${PODS_ROOT}/Target Support Files/Pods-Messenger/Pods-Messenger-resources-${CONFIGURATION}-output-files.xcfilelist",
			);
			runOnlyForDeploymentPostprocessing = 0;
			shellPath = /bin/sh;
			shellScript = "\"${PODS_ROOT}/Target Support Files/Pods-Messenger/Pods-Messenger-resources.sh\"\n";
			showEnvVarsInLog = 0;
		};
/* End PBXShellScriptBuildPhase section */

/* Begin PBXSourcesBuildPhase section */
		48AEFF8B248F0508001DF027 /* Sources */ = {
			isa = PBXSourcesBuildPhase;
			buildActionMask = 2147483647;
			files = (
				48AEFFAD248F09D8001DF027 /* LoginViewController.swift in Sources */,
				485C1B2624957985004352DD /* DatabaseManager.swift in Sources */,
				48AEFFAF248F09EA001DF027 /* RegisterViewController.swift in Sources */,
				48AEFFB5248F0A5E001DF027 /* NewConversationViewController.swift in Sources */,
				48AEFF97248F0508001DF027 /* ConversationsViewController.swift in Sources */,
				48AEFFB3248F0A32001DF027 /* VideoPlayerViewController.swift in Sources */,
				48AEFFBC248F1A8A001DF027 /* Extensions.swift in Sources */,
				48AEFF93248F0508001DF027 /* AppDelegate.swift in Sources */,
				48AEFFB8248F0A91001DF027 /* ProfileViewController.swift in Sources */,
				48AEFF95248F0508001DF027 /* SceneDelegate.swift in Sources */,
				48AEFFB1248F0A18001DF027 /* PhotoViewerViewController.swift in Sources */,
			);
			runOnlyForDeploymentPostprocessing = 0;
		};
/* End PBXSourcesBuildPhase section */

/* Begin PBXVariantGroup section */
		48AEFF98248F0508001DF027 /* Main.storyboard */ = {
			isa = PBXVariantGroup;
			children = (
				48AEFF99248F0508001DF027 /* Base */,
			);
			name = Main.storyboard;
			sourceTree = "<group>";
		};
		48AEFF9D248F050B001DF027 /* LaunchScreen.storyboard */ = {
			isa = PBXVariantGroup;
			children = (
				48AEFF9E248F050B001DF027 /* Base */,
			);
			name = LaunchScreen.storyboard;
			sourceTree = "<group>";
		};
/* End PBXVariantGroup section */

/* Begin XCBuildConfiguration section */
		48AEFFA1248F050B001DF027 /* Debug */ = {
			isa = XCBuildConfiguration;
			buildSettings = {
				ALWAYS_SEARCH_USER_PATHS = NO;
				CLANG_ANALYZER_NONNULL = YES;
				CLANG_ANALYZER_NUMBER_OBJECT_CONVERSION = YES_AGGRESSIVE;
				CLANG_CXX_LANGUAGE_STANDARD = "gnu++14";
				CLANG_CXX_LIBRARY = "libc++";
				CLANG_ENABLE_MODULES = YES;
				CLANG_ENABLE_OBJC_ARC = YES;
				CLANG_ENABLE_OBJC_WEAK = YES;
				CLANG_WARN_BLOCK_CAPTURE_AUTORELEASING = YES;
				CLANG_WARN_BOOL_CONVERSION = YES;
				CLANG_WARN_COMMA = YES;
				CLANG_WARN_CONSTANT_CONVERSION = YES;
				CLANG_WARN_DEPRECATED_OBJC_IMPLEMENTATIONS = YES;
				CLANG_WARN_DIRECT_OBJC_ISA_USAGE = YES_ERROR;
				CLANG_WARN_DOCUMENTATION_COMMENTS = YES;
				CLANG_WARN_EMPTY_BODY = YES;
				CLANG_WARN_ENUM_CONVERSION = YES;
				CLANG_WARN_INFINITE_RECURSION = YES;
				CLANG_WARN_INT_CONVERSION = YES;
				CLANG_WARN_NON_LITERAL_NULL_CONVERSION = YES;
				CLANG_WARN_OBJC_IMPLICIT_RETAIN_SELF = YES;
				CLANG_WARN_OBJC_LITERAL_CONVERSION = YES;
				CLANG_WARN_OBJC_ROOT_CLASS = YES_ERROR;
				CLANG_WARN_RANGE_LOOP_ANALYSIS = YES;
				CLANG_WARN_STRICT_PROTOTYPES = YES;
				CLANG_WARN_SUSPICIOUS_MOVE = YES;
				CLANG_WARN_UNGUARDED_AVAILABILITY = YES_AGGRESSIVE;
				CLANG_WARN_UNREACHABLE_CODE = YES;
				CLANG_WARN__DUPLICATE_METHOD_MATCH = YES;
				COPY_PHASE_STRIP = NO;
				DEBUG_INFORMATION_FORMAT = dwarf;
				ENABLE_STRICT_OBJC_MSGSEND = YES;
				ENABLE_TESTABILITY = YES;
				GCC_C_LANGUAGE_STANDARD = gnu11;
				GCC_DYNAMIC_NO_PIC = NO;
				GCC_NO_COMMON_BLOCKS = YES;
				GCC_OPTIMIZATION_LEVEL = 0;
				GCC_PREPROCESSOR_DEFINITIONS = (
					"DEBUG=1",
					"$(inherited)",
				);
				GCC_WARN_64_TO_32_BIT_CONVERSION = YES;
				GCC_WARN_ABOUT_RETURN_TYPE = YES_ERROR;
				GCC_WARN_UNDECLARED_SELECTOR = YES;
				GCC_WARN_UNINITIALIZED_AUTOS = YES_AGGRESSIVE;
				GCC_WARN_UNUSED_FUNCTION = YES;
				GCC_WARN_UNUSED_VARIABLE = YES;
				IPHONEOS_DEPLOYMENT_TARGET = 13.5;
				MTL_ENABLE_DEBUG_INFO = INCLUDE_SOURCE;
				MTL_FAST_MATH = YES;
				ONLY_ACTIVE_ARCH = YES;
				SDKROOT = iphoneos;
				SWIFT_ACTIVE_COMPILATION_CONDITIONS = DEBUG;
				SWIFT_OPTIMIZATION_LEVEL = "-Onone";
			};
			name = Debug;
		};
		48AEFFA2248F050B001DF027 /* Release */ = {
			isa = XCBuildConfiguration;
			buildSettings = {
				ALWAYS_SEARCH_USER_PATHS = NO;
				CLANG_ANALYZER_NONNULL = YES;
				CLANG_ANALYZER_NUMBER_OBJECT_CONVERSION = YES_AGGRESSIVE;
				CLANG_CXX_LANGUAGE_STANDARD = "gnu++14";
				CLANG_CXX_LIBRARY = "libc++";
				CLANG_ENABLE_MODULES = YES;
				CLANG_ENABLE_OBJC_ARC = YES;
				CLANG_ENABLE_OBJC_WEAK = YES;
				CLANG_WARN_BLOCK_CAPTURE_AUTORELEASING = YES;
				CLANG_WARN_BOOL_CONVERSION = YES;
				CLANG_WARN_COMMA = YES;
				CLANG_WARN_CONSTANT_CONVERSION = YES;
				CLANG_WARN_DEPRECATED_OBJC_IMPLEMENTATIONS = YES;
				CLANG_WARN_DIRECT_OBJC_ISA_USAGE = YES_ERROR;
				CLANG_WARN_DOCUMENTATION_COMMENTS = YES;
				CLANG_WARN_EMPTY_BODY = YES;
				CLANG_WARN_ENUM_CONVERSION = YES;
				CLANG_WARN_INFINITE_RECURSION = YES;
				CLANG_WARN_INT_CONVERSION = YES;
				CLANG_WARN_NON_LITERAL_NULL_CONVERSION = YES;
				CLANG_WARN_OBJC_IMPLICIT_RETAIN_SELF = YES;
				CLANG_WARN_OBJC_LITERAL_CONVERSION = YES;
				CLANG_WARN_OBJC_ROOT_CLASS = YES_ERROR;
				CLANG_WARN_RANGE_LOOP_ANALYSIS = YES;
				CLANG_WARN_STRICT_PROTOTYPES = YES;
				CLANG_WARN_SUSPICIOUS_MOVE = YES;
				CLANG_WARN_UNGUARDED_AVAILABILITY = YES_AGGRESSIVE;
				CLANG_WARN_UNREACHABLE_CODE = YES;
				CLANG_WARN__DUPLICATE_METHOD_MATCH = YES;
				COPY_PHASE_STRIP = NO;
				DEBUG_INFORMATION_FORMAT = "dwarf-with-dsym";
				ENABLE_NS_ASSERTIONS = NO;
				ENABLE_STRICT_OBJC_MSGSEND = YES;
				GCC_C_LANGUAGE_STANDARD = gnu11;
				GCC_NO_COMMON_BLOCKS = YES;
				GCC_WARN_64_TO_32_BIT_CONVERSION = YES;
				GCC_WARN_ABOUT_RETURN_TYPE = YES_ERROR;
				GCC_WARN_UNDECLARED_SELECTOR = YES;
				GCC_WARN_UNINITIALIZED_AUTOS = YES_AGGRESSIVE;
				GCC_WARN_UNUSED_FUNCTION = YES;
				GCC_WARN_UNUSED_VARIABLE = YES;
				IPHONEOS_DEPLOYMENT_TARGET = 13.5;
				MTL_ENABLE_DEBUG_INFO = NO;
				MTL_FAST_MATH = YES;
				SDKROOT = iphoneos;
				SWIFT_COMPILATION_MODE = wholemodule;
				SWIFT_OPTIMIZATION_LEVEL = "-O";
				VALIDATE_PRODUCT = YES;
			};
			name = Release;
		};
		48AEFFA4248F050B001DF027 /* Debug */ = {
			isa = XCBuildConfiguration;
			baseConfigurationReference = F6F65E6CFBFA6F3F55BA6983 /* Pods-Messenger.debug.xcconfig */;
			buildSettings = {
				ASSETCATALOG_COMPILER_APPICON_NAME = AppIcon;
				CODE_SIGN_STYLE = Automatic;
				DEVELOPMENT_TEAM = 28Y3AJZ4MW;
				INFOPLIST_FILE = Messenger/Info.plist;
				LD_RUNPATH_SEARCH_PATHS = (
					"$(inherited)",
					"@executable_path/Frameworks",
				);
				PRODUCT_BUNDLE_IDENTIFIER = com.DOG.Messenger;
				PRODUCT_NAME = "$(TARGET_NAME)";
				SWIFT_VERSION = 5.0;
				TARGETED_DEVICE_FAMILY = "1,2";
			};
			name = Debug;
		};
		48AEFFA5248F050B001DF027 /* Release */ = {
			isa = XCBuildConfiguration;
			baseConfigurationReference = 60752CDA073E924C79AADE10 /* Pods-Messenger.release.xcconfig */;
			buildSettings = {
				ASSETCATALOG_COMPILER_APPICON_NAME = AppIcon;
				CODE_SIGN_STYLE = Automatic;
				DEVELOPMENT_TEAM = 28Y3AJZ4MW;
				INFOPLIST_FILE = Messenger/Info.plist;
				LD_RUNPATH_SEARCH_PATHS = (
					"$(inherited)",
					"@executable_path/Frameworks",
				);
				PRODUCT_BUNDLE_IDENTIFIER = com.DOG.Messenger;
				PRODUCT_NAME = "$(TARGET_NAME)";
				SWIFT_VERSION = 5.0;
				TARGETED_DEVICE_FAMILY = "1,2";
			};
			name = Release;
		};
/* End XCBuildConfiguration section */

/* Begin XCConfigurationList section */
		48AEFF8A248F0508001DF027 /* Build configuration list for PBXProject "Messenger" */ = {
			isa = XCConfigurationList;
			buildConfigurations = (
				48AEFFA1248F050B001DF027 /* Debug */,
				48AEFFA2248F050B001DF027 /* Release */,
			);
			defaultConfigurationIsVisible = 0;
			defaultConfigurationName = Release;
		};
		48AEFFA3248F050B001DF027 /* Build configuration list for PBXNativeTarget "Messenger" */ = {
			isa = XCConfigurationList;
			buildConfigurations = (
				48AEFFA4248F050B001DF027 /* Debug */,
				48AEFFA5248F050B001DF027 /* Release */,
			);
			defaultConfigurationIsVisible = 0;
			defaultConfigurationName = Release;
		};
/* End XCConfigurationList section */
	};
	rootObject = 48AEFF87248F0508001DF027 /* Project object */;
}
